
Microsoft Visual Studio Solution File, Format Version 12.00
# Visual Studio 2015
Project("{FAE04EC0-301F-11D3-BF4B-00C04F79EFBC}") = "Test_AR_LBS.CSharp", "Test_AR_LBS.CSharp.csproj", "{F8D20B31-EDBC-5A33-04DF-E4DE419CD604}"
EndProject
Global
	GlobalSection(SolutionConfigurationPlatforms) = preSolution
		Debug|Any CPU = Debug|Any CPU
		Release|Any CPU = Release|Any CPU
	EndGlobalSection
	GlobalSection(ProjectConfigurationPlatforms) = postSolution
		{F8D20B31-EDBC-5A33-04DF-E4DE419CD604}.Debug|Any CPU.ActiveCfg = Debug|Any CPU
		{F8D20B31-EDBC-5A33-04DF-E4DE419CD604}.Debug|Any CPU.Build.0 = Debug|Any CPU
		{F8D20B31-EDBC-5A33-04DF-E4DE419CD604}.Release|Any CPU.ActiveCfg = Release|Any CPU
		{F8D20B31-EDBC-5A33-04DF-E4DE419CD604}.Release|Any CPU.Build.0 = Release|Any CPU
	EndGlobalSection
	GlobalSection(SolutionProperties) = preSolution
		HideSolutionNode = FALSE
	EndGlobalSection
EndGlobal
